
Microsoft Visual Studio Solution File, Format Version 12.00
# Visual Studio Version 17
VisualStudioVersion = 17.9.34622.214
MinimumVisualStudioVersion = 10.0.40219.1
Project("{FAE04EC0-301F-11D3-BF4B-00C04F79EFBC}") = "RetroSnakeGame", "RetroSnakeGame\RetroSnakeGame.csproj", "{68F93400-6CCC-4D42-B3A0-4E7AE0672077}"
EndProject
Global
	GlobalSection(SolutionConfigurationPlatforms) = preSolution
		Debug|Any CPU = Debug|Any CPU
		Release|Any CPU = Release|Any CPU
	EndGlobalSection
	GlobalSection(ProjectConfigurationPlatforms) = postSolution
		{68F93400-6CCC-4D42-B3A0-4E7AE0672077}.Debug|Any CPU.ActiveCfg = Debug|Any CPU
		{68F93400-6CCC-4D42-B3A0-4E7AE0672077}.Debug|Any CPU.Build.0 = Debug|Any CPU
		{68F93400-6CCC-4D42-B3A0-4E7AE0672077}.Release|Any CPU.ActiveCfg = Release|Any CPU
		{68F93400-6CCC-4D42-B3A0-4E7AE0672077}.Release|Any CPU.Build.0 = Release|Any CPU
	EndGlobalSection
	GlobalSection(SolutionProperties) = preSolution
		HideSolutionNode = FALSE
	EndGlobalSection
	GlobalSection(ExtensibilityGlobals) = postSolution
		SolutionGuid = {593F3422-6685-42A6-BE07-64F90571FB4E}
	EndGlobalSection
EndGlobal
